// !$*UTF8*$!
{
	archiveVersion = 1;
	classes = {
	};
	objectVersion = 48;
	objects = {

/* Begin PBXBuildFile section */
		25021DD61FE097F9006C8199 /* ImageCollectionViewController.swift in Sources */ = {isa = PBXBuildFile; fileRef = 25021DD51FE097F9006C8199 /* ImageCollectionViewController.swift */; };
		2515952B1FD6047300FFC462 /* CollectionTableViewController.swift in Sources */ = {isa = PBXBuildFile; fileRef = 2515952A1FD6047300FFC462 /* CollectionTableViewController.swift */; };
		2515952D1FD709A600FFC462 /* CloudKit.framework in Frameworks */ = {isa = PBXBuildFile; fileRef = 2515952C1FD709A600FFC462 /* CloudKit.framework */; };
		252AA5191FD5CCCA0070386C /* AppDelegate.swift in Sources */ = {isa = PBXBuildFile; fileRef = 252AA5181FD5CCCA0070386C /* AppDelegate.swift */; };
		252AA5201FD5CCCA0070386C /* Assets.xcassets in Resources */ = {isa = PBXBuildFile; fileRef = 252AA51F1FD5CCCA0070386C /* Assets.xcassets */; };
		252AA5231FD5CCCA0070386C /* LaunchScreen.storyboard in Resources */ = {isa = PBXBuildFile; fileRef = 252AA5211FD5CCCA0070386C /* LaunchScreen.storyboard */; };
		252AA5311FD5EE5E0070386C /* User.swift in Sources */ = {isa = PBXBuildFile; fileRef = 252AA5301FD5EE5E0070386C /* User.swift */; };
		252AA5331FD5EE720070386C /* CloudKitManager.swift in Sources */ = {isa = PBXBuildFile; fileRef = 252AA5321FD5EE720070386C /* CloudKitManager.swift */; };
		252AA5351FD5EE7A0070386C /* UserController.swift in Sources */ = {isa = PBXBuildFile; fileRef = 252AA5341FD5EE7A0070386C /* UserController.swift */; };
		252AA5371FD5EE840070386C /* Main.storyboard in Resources */ = {isa = PBXBuildFile; fileRef = 252AA5361FD5EE840070386C /* Main.storyboard */; };
		252AA53B1FD5EE950070386C /* SignUpViewController.swift in Sources */ = {isa = PBXBuildFile; fileRef = 252AA53A1FD5EE950070386C /* SignUpViewController.swift */; };
		2559EE8B1FD754AE0072F60D /* CollectionController.swift in Sources */ = {isa = PBXBuildFile; fileRef = 2559EE8A1FD754AE0072F60D /* CollectionController.swift */; };
		25FEADD01FD72A2C007253FB /* Collections.swift in Sources */ = {isa = PBXBuildFile; fileRef = 25FEADCF1FD72A2C007253FB /* Collections.swift */; };
/* End PBXBuildFile section */

/* Begin PBXFileReference section */
		25021DD51FE097F9006C8199 /* ImageCollectionViewController.swift */ = {isa = PBXFileReference; lastKnownFileType = sourcecode.swift; path = ImageCollectionViewController.swift; sourceTree = "<group>"; };
		2515952A1FD6047300FFC462 /* CollectionTableViewController.swift */ = {isa = PBXFileReference; lastKnownFileType = sourcecode.swift; path = CollectionTableViewController.swift; sourceTree = "<group>"; };
		2515952C1FD709A600FFC462 /* CloudKit.framework */ = {isa = PBXFileReference; lastKnownFileType = wrapper.framework; name = CloudKit.framework; path = System/Library/Frameworks/CloudKit.framework; sourceTree = SDKROOT; };
		252AA5151FD5CCCA0070386C /* DropIn.app */ = {isa = PBXFileReference; explicitFileType = wrapper.application; includeInIndex = 0; path = DropIn.app; sourceTree = BUILT_PRODUCTS_DIR; };
		252AA5181FD5CCCA0070386C /* AppDelegate.swift */ = {isa = PBXFileReference; lastKnownFileType = sourcecode.swift; path = AppDelegate.swift; sourceTree = "<group>"; };
		252AA51F1FD5CCCA0070386C /* Assets.xcassets */ = {isa = PBXFileReference; lastKnownFileType = folder.assetcatalog; path = Assets.xcassets; sourceTree = "<group>"; };
		252AA5221FD5CCCA0070386C /* Base */ = {isa = PBXFileReference; lastKnownFileType = file.storyboard; name = Base; path = Base.lproj/LaunchScreen.storyboard; sourceTree = "<group>"; };
		252AA5241FD5CCCA0070386C /* Info.plist */ = {isa = PBXFileReference; lastKnownFileType = text.plist.xml; path = Info.plist; sourceTree = "<group>"; };
		252AA52A1FD5CCD10070386C /* DropIn.entitlements */ = {isa = PBXFileReference; lastKnownFileType = text.plist.entitlements; path = DropIn.entitlements; sourceTree = "<group>"; };
		252AA5301FD5EE5E0070386C /* User.swift */ = {isa = PBXFileReference; fileEncoding = 4; lastKnownFileType = sourcecode.swift; path = User.swift; sourceTree = "<group>"; };
		252AA5321FD5EE720070386C /* CloudKitManager.swift */ = {isa = PBXFileReference; fileEncoding = 4; lastKnownFileType = sourcecode.swift; path = CloudKitManager.swift; sourceTree = "<group>"; };
		252AA5341FD5EE7A0070386C /* UserController.swift */ = {isa = PBXFileReference; fileEncoding = 4; lastKnownFileType = sourcecode.swift; path = UserController.swift; sourceTree = "<group>"; };
		252AA5361FD5EE840070386C /* Main.storyboard */ = {isa = PBXFileReference; fileEncoding = 4; lastKnownFileType = file.storyboard; path = Main.storyboard; sourceTree = "<group>"; };
		252AA53A1FD5EE950070386C /* SignUpViewController.swift */ = {isa = PBXFileReference; fileEncoding = 4; lastKnownFileType = sourcecode.swift; path = SignUpViewController.swift; sourceTree = "<group>"; };
		2559EE8A1FD754AE0072F60D /* CollectionController.swift */ = {isa = PBXFileReference; lastKnownFileType = sourcecode.swift; path = CollectionController.swift; sourceTree = "<group>"; };
		25FEADCF1FD72A2C007253FB /* Collections.swift */ = {isa = PBXFileReference; lastKnownFileType = sourcecode.swift; path = Collections.swift; sourceTree = "<group>"; };
/* End PBXFileReference section */

/* Begin PBXFrameworksBuildPhase section */
		252AA5121FD5CCCA0070386C /* Frameworks */ = {
			isa = PBXFrameworksBuildPhase;
			buildActionMask = 2147483647;
			files = (
				2515952D1FD709A600FFC462 /* CloudKit.framework in Frameworks */,
			);
			runOnlyForDeploymentPostprocessing = 0;
		};
/* End PBXFrameworksBuildPhase section */

/* Begin PBXGroup section */
		251595251FD6037F00FFC462 /* Models */ = {
			isa = PBXGroup;
			children = (
				252AA5301FD5EE5E0070386C /* User.swift */,
				25FEADCF1FD72A2C007253FB /* Collections.swift */,
			);
			path = Models;
			sourceTree = "<group>";
		};
		251595261FD603B500FFC462 /* resources */ = {
			isa = PBXGroup;
			children = (
				252AA5181FD5CCCA0070386C /* AppDelegate.swift */,
				252AA51F1FD5CCCA0070386C /* Assets.xcassets */,
				252AA5241FD5CCCA0070386C /* Info.plist */,
			);
			path = resources;
			sourceTree = "<group>";
		};
		251595271FD603C500FFC462 /* StoryBoards */ = {
			isa = PBXGroup;
			children = (
				252AA5211FD5CCCA0070386C /* LaunchScreen.storyboard */,
				252AA5361FD5EE840070386C /* Main.storyboard */,
			);
			path = StoryBoards;
			sourceTree = "<group>";
		};
		251595281FD603DD00FFC462 /* ViewControllers */ = {
			isa = PBXGroup;
			children = (
				252AA53A1FD5EE950070386C /* SignUpViewController.swift */,
				2515952A1FD6047300FFC462 /* CollectionTableViewController.swift */,
				25021DD51FE097F9006C8199 /* ImageCollectionViewController.swift */,
			);
			path = ViewControllers;
			sourceTree = "<group>";
		};
		251595291FD603E600FFC462 /* Helpers */ = {
			isa = PBXGroup;
			children = (
				252AA5321FD5EE720070386C /* CloudKitManager.swift */,
			);
			path = Helpers;
			sourceTree = "<group>";
		};
		252AA50C1FD5CCCA0070386C = {
			isa = PBXGroup;
			children = (
				252AA5171FD5CCCA0070386C /* DropIn */,
				252AA5161FD5CCCA0070386C /* Products */,
				252AA52B1FD5CCDB0070386C /* Frameworks */,
			);
			sourceTree = "<group>";
		};
		252AA5161FD5CCCA0070386C /* Products */ = {
			isa = PBXGroup;
			children = (
				252AA5151FD5CCCA0070386C /* DropIn.app */,
			);
			name = Products;
			sourceTree = "<group>";
		};
		252AA5171FD5CCCA0070386C /* DropIn */ = {
			isa = PBXGroup;
			children = (
				252AA52A1FD5CCD10070386C /* DropIn.entitlements */,
				251595261FD603B500FFC462 /* resources */,
				251595281FD603DD00FFC462 /* ViewControllers */,
				2559EE891FD7546F0072F60D /* Model Controller */,
				251595251FD6037F00FFC462 /* Models */,
				251595271FD603C500FFC462 /* StoryBoards */,
				251595291FD603E600FFC462 /* Helpers */,
			);
			path = DropIn;
			sourceTree = "<group>";
		};
		252AA52B1FD5CCDB0070386C /* Frameworks */ = {
			isa = PBXGroup;
			children = (
				2515952C1FD709A600FFC462 /* CloudKit.framework */,
			);
			name = Frameworks;
			sourceTree = "<group>";
		};
		2559EE891FD7546F0072F60D /* Model Controller */ = {
			isa = PBXGroup;
			children = (
				252AA5341FD5EE7A0070386C /* UserController.swift */,
				2559EE8A1FD754AE0072F60D /* CollectionController.swift */,
			);
			path = "Model Controller";
			sourceTree = "<group>";
		};
/* End PBXGroup section */

/* Begin PBXNativeTarget section */
		252AA5141FD5CCCA0070386C /* DropIn */ = {
			isa = PBXNativeTarget;
			buildConfigurationList = 252AA5271FD5CCCA0070386C /* Build configuration list for PBXNativeTarget "DropIn" */;
			buildPhases = (
				252AA5111FD5CCCA0070386C /* Sources */,
				252AA5121FD5CCCA0070386C /* Frameworks */,
				252AA5131FD5CCCA0070386C /* Resources */,
			);
			buildRules = (
			);
			dependencies = (
			);
			name = DropIn;
			productName = DropIn;
			productReference = 252AA5151FD5CCCA0070386C /* DropIn.app */;
			productType = "com.apple.product-type.application";
		};
/* End PBXNativeTarget section */

/* Begin PBXProject section */
		252AA50D1FD5CCCA0070386C /* Project object */ = {
			isa = PBXProject;
			attributes = {
				LastSwiftUpdateCheck = 0910;
				LastUpgradeCheck = 0910;
				ORGANIZATIONNAME = "Kaden Oldham";
				TargetAttributes = {
					252AA5141FD5CCCA0070386C = {
						CreatedOnToolsVersion = 9.1;
						ProvisioningStyle = Automatic;
						SystemCapabilities = {
							com.apple.Push = {
								enabled = 1;
							};
							com.apple.iCloud = {
								enabled = 1;
							};
						};
					};
				};
			};
			buildConfigurationList = 252AA5101FD5CCCA0070386C /* Build configuration list for PBXProject "DropIn" */;
			compatibilityVersion = "Xcode 8.0";
			developmentRegion = en;
			hasScannedForEncodings = 0;
			knownRegions = (
				en,
				Base,
			);
			mainGroup = 252AA50C1FD5CCCA0070386C;
			productRefGroup = 252AA5161FD5CCCA0070386C /* Products */;
			projectDirPath = "";
			projectRoot = "";
			targets = (
				252AA5141FD5CCCA0070386C /* DropIn */,
			);
		};
/* End PBXProject section */

/* Begin PBXResourcesBuildPhase section */
		252AA5131FD5CCCA0070386C /* Resources */ = {
			isa = PBXResourcesBuildPhase;
			buildActionMask = 2147483647;
			files = (
				252AA5371FD5EE840070386C /* Main.storyboard in Resources */,
				252AA5231FD5CCCA0070386C /* LaunchScreen.storyboard in Resources */,
				252AA5201FD5CCCA0070386C /* Assets.xcassets in Resources */,
			);
			runOnlyForDeploymentPostprocessing = 0;
		};
/* End PBXResourcesBuildPhase section */

/* Begin PBXSourcesBuildPhase section */
		252AA5111FD5CCCA0070386C /* Sources */ = {
			isa = PBXSourcesBuildPhase;
			buildActionMask = 2147483647;
			files = (
				252AA5191FD5CCCA0070386C /* AppDelegate.swift in Sources */,
				2515952B1FD6047300FFC462 /* CollectionTableViewController.swift in Sources */,
				252AA5311FD5EE5E0070386C /* User.swift in Sources */,
				252AA53B1FD5EE950070386C /* SignUpViewController.swift in Sources */,
				252AA5351FD5EE7A0070386C /* UserController.swift in Sources */,
				2559EE8B1FD754AE0072F60D /* CollectionController.swift in Sources */,
				25021DD61FE097F9006C8199 /* ImageCollectionViewController.swift in Sources */,
				25FEADD01FD72A2C007253FB /* Collections.swift in Sources */,
				252AA5331FD5EE720070386C /* CloudKitManager.swift in Sources */,
			);
			runOnlyForDeploymentPostprocessing = 0;
		};
/* End PBXSourcesBuildPhase section */

/* Begin PBXVariantGroup section */
		252AA5211FD5CCCA0070386C /* LaunchScreen.storyboard */ = {
			isa = PBXVariantGroup;
			children = (
				252AA5221FD5CCCA0070386C /* Base */,
			);
			name = LaunchScreen.storyboard;
			sourceTree = "<group>";
		};
/* End PBXVariantGroup section */

/* Begin XCBuildConfiguration section */
		252AA5251FD5CCCA0070386C /* Debug */ = {
			isa = XCBuildConfiguration;
			buildSettings = {
				ALWAYS_SEARCH_USER_PATHS = NO;
				CLANG_ANALYZER_NONNULL = YES;
				CLANG_ANALYZER_NUMBER_OBJECT_CONVERSION = YES_AGGRESSIVE;
				CLANG_CXX_LANGUAGE_STANDARD = "gnu++14";
				CLANG_CXX_LIBRARY = "libc++";
				CLANG_ENABLE_MODULES = YES;
				CLANG_ENABLE_OBJC_ARC = YES;
				CLANG_WARN_BLOCK_CAPTURE_AUTORELEASING = YES;
				CLANG_WARN_BOOL_CONVERSION = YES;
				CLANG_WARN_COMMA = YES;
				CLANG_WARN_CONSTANT_CONVERSION = YES;
				CLANG_WARN_DIRECT_OBJC_ISA_USAGE = YES_ERROR;
				CLANG_WARN_DOCUMENTATION_COMMENTS = YES;
				CLANG_WARN_EMPTY_BODY = YES;
				CLANG_WARN_ENUM_CONVERSION = YES;
				CLANG_WARN_INFINITE_RECURSION = YES;
				CLANG_WARN_INT_CONVERSION = YES;
				CLANG_WARN_NON_LITERAL_NULL_CONVERSION = YES;
				CLANG_WARN_OBJC_LITERAL_CONVERSION = YES;
				CLANG_WARN_OBJC_ROOT_CLASS = YES_ERROR;
				CLANG_WARN_RANGE_LOOP_ANALYSIS = YES;
				CLANG_WARN_STRICT_PROTOTYPES = YES;
				CLANG_WARN_SUSPICIOUS_MOVE = YES;
				CLANG_WARN_UNGUARDED_AVAILABILITY = YES_AGGRESSIVE;
				CLANG_WARN_UNREACHABLE_CODE = YES;
				CLANG_WARN__DUPLICATE_METHOD_MATCH = YES;
				CODE_SIGN_IDENTITY = "iPhone Developer";
				COPY_PHASE_STRIP = NO;
				DEBUG_INFORMATION_FORMAT = dwarf;
				ENABLE_STRICT_OBJC_MSGSEND = YES;
				ENABLE_TESTABILITY = YES;
				GCC_C_LANGUAGE_STANDARD = gnu11;
				GCC_DYNAMIC_NO_PIC = NO;
				GCC_NO_COMMON_BLOCKS = YES;
				GCC_OPTIMIZATION_LEVEL = 0;
				GCC_PREPROCESSOR_DEFINITIONS = (
					"DEBUG=1",
					"$(inherited)",
				);
				GCC_WARN_64_TO_32_BIT_CONVERSION = YES;
				GCC_WARN_ABOUT_RETURN_TYPE = YES_ERROR;
				GCC_WARN_UNDECLARED_SELECTOR = YES;
				GCC_WARN_UNINITIALIZED_AUTOS = YES_AGGRESSIVE;
				GCC_WARN_UNUSED_FUNCTION = YES;
				GCC_WARN_UNUSED_VARIABLE = YES;
				IPHONEOS_DEPLOYMENT_TARGET = 11.1;
				MTL_ENABLE_DEBUG_INFO = YES;
				ONLY_ACTIVE_ARCH = YES;
				SDKROOT = iphoneos;
				SWIFT_ACTIVE_COMPILATION_CONDITIONS = DEBUG;
				SWIFT_OPTIMIZATION_LEVEL = "-Onone";
			};
			name = Debug;
		};
		252AA5261FD5CCCA0070386C /* Release */ = {
			isa = XCBuildConfiguration;
			buildSettings = {
				ALWAYS_SEARCH_USER_PATHS = NO;
				CLANG_ANALYZER_NONNULL = YES;
				CLANG_ANALYZER_NUMBER_OBJECT_CONVERSION = YES_AGGRESSIVE;
				CLANG_CXX_LANGUAGE_STANDARD = "gnu++14";
				CLANG_CXX_LIBRARY = "libc++";
				CLANG_ENABLE_MODULES = YES;
				CLANG_ENABLE_OBJC_ARC = YES;
				CLANG_WARN_BLOCK_CAPTURE_AUTORELEASING = YES;
				CLANG_WARN_BOOL_CONVERSION = YES;
				CLANG_WARN_COMMA = YES;
				CLANG_WARN_CONSTANT_CONVERSION = YES;
				CLANG_WARN_DIRECT_OBJC_ISA_USAGE = YES_ERROR;
				CLANG_WARN_DOCUMENTATION_COMMENTS = YES;
				CLANG_WARN_EMPTY_BODY = YES;
				CLANG_WARN_ENUM_CONVERSION = YES;
				CLANG_WARN_INFINITE_RECURSION = YES;
				CLANG_WARN_INT_CONVERSION = YES;
				CLANG_WARN_NON_LITERAL_NULL_CONVERSION = YES;
				CLANG_WARN_OBJC_LITERAL_CONVERSION = YES;
				CLANG_WARN_OBJC_ROOT_CLASS = YES_ERROR;
				CLANG_WARN_RANGE_LOOP_ANALYSIS = YES;
				CLANG_WARN_STRICT_PROTOTYPES = YES;
				CLANG_WARN_SUSPICIOUS_MOVE = YES;
				CLANG_WARN_UNGUARDED_AVAILABILITY = YES_AGGRESSIVE;
				CLANG_WARN_UNREACHABLE_CODE = YES;
				CLANG_WARN__DUPLICATE_METHOD_MATCH = YES;
				CODE_SIGN_IDENTITY = "iPhone Developer";
				COPY_PHASE_STRIP = NO;
				DEBUG_INFORMATION_FORMAT = "dwarf-with-dsym";
				ENABLE_NS_ASSERTIONS = NO;
				ENABLE_STRICT_OBJC_MSGSEND = YES;
				GCC_C_LANGUAGE_STANDARD = gnu11;
				GCC_NO_COMMON_BLOCKS = YES;
				GCC_WARN_64_TO_32_BIT_CONVERSION = YES;
				GCC_WARN_ABOUT_RETURN_TYPE = YES_ERROR;
				GCC_WARN_UNDECLARED_SELECTOR = YES;
				GCC_WARN_UNINITIALIZED_AUTOS = YES_AGGRESSIVE;
				GCC_WARN_UNUSED_FUNCTION = YES;
				GCC_WARN_UNUSED_VARIABLE = YES;
				IPHONEOS_DEPLOYMENT_TARGET = 11.1;
				MTL_ENABLE_DEBUG_INFO = NO;
				SDKROOT = iphoneos;
				SWIFT_OPTIMIZATION_LEVEL = "-Owholemodule";
				VALIDATE_PRODUCT = YES;
			};
			name = Release;
		};
		252AA5281FD5CCCA0070386C /* Debug */ = {
			isa = XCBuildConfiguration;
			buildSettings = {
				ASSETCATALOG_COMPILER_APPICON_NAME = AppIcon;
				CODE_SIGN_ENTITLEMENTS = DropIn/DropIn.entitlements;
				CODE_SIGN_STYLE = Automatic;
				DEVELOPMENT_TEAM = W6E3GKZT85;
				INFOPLIST_FILE = "$(SRCROOT)/DropIn/resources/Info.plist";
				LD_RUNPATH_SEARCH_PATHS = "$(inherited) @executable_path/Frameworks";
				PRODUCT_BUNDLE_IDENTIFIER = com.KadenOldham.DropIn;
				PRODUCT_NAME = "$(TARGET_NAME)";
				SWIFT_VERSION = 4.0;
				TARGETED_DEVICE_FAMILY = "1,2";
			};
			name = Debug;
		};
		252AA5291FD5CCCA0070386C /* Release */ = {
			isa = XCBuildConfiguration;
			buildSettings = {
				ASSETCATALOG_COMPILER_APPICON_NAME = AppIcon;
				CODE_SIGN_ENTITLEMENTS = DropIn/DropIn.entitlements;
				CODE_SIGN_STYLE = Automatic;
				DEVELOPMENT_TEAM = W6E3GKZT85;
				INFOPLIST_FILE = "$(SRCROOT)/DropIn/resources/Info.plist";
				LD_RUNPATH_SEARCH_PATHS = "$(inherited) @executable_path/Frameworks";
				PRODUCT_BUNDLE_IDENTIFIER = com.KadenOldham.DropIn;
				PRODUCT_NAME = "$(TARGET_NAME)";
				SWIFT_VERSION = 4.0;
				TARGETED_DEVICE_FAMILY = "1,2";
			};
			name = Release;
		};
/* End XCBuildConfiguration section */

/* Begin XCConfigurationList section */
		252AA5101FD5CCCA0070386C /* Build configuration list for PBXProject "DropIn" */ = {
			isa = XCConfigurationList;
			buildConfigurations = (
				252AA5251FD5CCCA0070386C /* Debug */,
				252AA5261FD5CCCA0070386C /* Release */,
			);
			defaultConfigurationIsVisible = 0;
			defaultConfigurationName = Release;
		};
		252AA5271FD5CCCA0070386C /* Build configuration list for PBXNativeTarget "DropIn" */ = {
			isa = XCConfigurationList;
			buildConfigurations = (
				252AA5281FD5CCCA0070386C /* Debug */,
				252AA5291FD5CCCA0070386C /* Release */,
			);
			defaultConfigurationIsVisible = 0;
			defaultConfigurationName = Release;
		};
/* End XCConfigurationList section */
	};
	rootObject = 252AA50D1FD5CCCA0070386C /* Project object */;
}
